{
  "name": "@arjunanimations/leaves",
  "version": "0.2.0",
  "lockfileVersion": 2,
  "requires": true,
  "packages": {
    "": {
      "name": "@arjunanimations/leaves",
      "version": "0.2.0",
      "license": "MIT",
      "dependencies": {
        "gsap": "^3.2.6"
      }
    },
    "node_modules/gsap": {
      "version": "3.11.1",
      "resolved": "https://registry.npmjs.org/gsap/-/gsap-3.11.1.tgz",
      "integrity": "sha512-UKuJ0UPhntFHMwT6URFQ4cTQv88xc7Kd9Dhxt7qX9IPhC+d+/a5wKW5E5Vn33hZ53nBI1JfApcEbzKgXkcuPZw=="
    }
  },
  "dependencies": {
    "gsap": {
      "version": "3.11.1",
      "resolved": "https://registry.npmjs.org/gsap/-/gsap-3.11.1.tgz",
      "integrity": "sha512-UKuJ0UPhntFHMwT6URFQ4cTQv88xc7Kd9Dhxt7qX9IPhC+d+/a5wKW5E5Vn33hZ53nBI1JfApcEbzKgXkcuPZw=="
    }
  }
}
